
Microsoft Visual Studio Solution File, Format Version 12.00
# Visual Studio Version 16
VisualStudioVersion = 16.0.32802.440
MinimumVisualStudioVersion = 10.0.40219.1
Project("{8BC9CEB8-8B4A-11D0-8D11-00A0C91BC942}") = "20221117_jka_test1", "20221117_jka_test1\20221117_jka_test1.vcxproj", "{A04CE371-482D-4BA1-92CA-48FDA9496956}"
EndProject
Global
	GlobalSection(SolutionConfigurationPlatforms) = preSolution
		Debug|x64 = Debug|x64
		Debug|x86 = Debug|x86
		Release|x64 = Release|x64
		Release|x86 = Release|x86
	EndGlobalSection
	GlobalSection(ProjectConfigurationPlatforms) = postSolution
		{A04CE371-482D-4BA1-92CA-48FDA9496956}.Debug|x64.ActiveCfg = Debug|x64
		{A04CE371-482D-4BA1-92CA-48FDA9496956}.Debug|x64.Build.0 = Debug|x64
		{A04CE371-482D-4BA1-92CA-48FDA9496956}.Debug|x86.ActiveCfg = Debug|Win32
		{A04CE371-482D-4BA1-92CA-48FDA9496956}.Debug|x86.Build.0 = Debug|Win32
		{A04CE371-482D-4BA1-92CA-48FDA9496956}.Release|x64.ActiveCfg = Release|x64
		{A04CE371-482D-4BA1-92CA-48FDA9496956}.Release|x64.Build.0 = Release|x64
		{A04CE371-482D-4BA1-92CA-48FDA9496956}.Release|x86.ActiveCfg = Release|Win32
		{A04CE371-482D-4BA1-92CA-48FDA9496956}.Release|x86.Build.0 = Release|Win32
	EndGlobalSection
	GlobalSection(SolutionProperties) = preSolution
		HideSolutionNode = FALSE
	EndGlobalSection
	GlobalSection(ExtensibilityGlobals) = postSolution
		SolutionGuid = {54D538C2-F870-4886-B3D1-9B6623C62D9F}
	EndGlobalSection
EndGlobal
